// !$*UTF8*$!
{
	archiveVersion = 1;
	classes = {
	};
	objectVersion = 45;
	objects = {

/* Begin PBXAggregateTarget section */
		657323E81067BF6A001E9123 /* BMScriptDocumentation */ = {
			isa = PBXAggregateTarget;
			buildConfigurationList = 657323F21067BFA4001E9123 /* Build configuration list for PBXAggregateTarget "BMScriptDocumentation" */;
			buildPhases = (
				6503F10A1072ACD000B260F7 /* Saturate ENVs in DoxyfileTemplate */,
				657323E71067BF6A001E9123 /* Run Doxygen */,
				65454AB8106A015800E03140 /* Overwrite doxygen.css Copies (disabled) */,
				655D7B78106A1CA500B4B907 /* Import DocSet into Xcode */,
			);
			dependencies = (
			);
			name = BMScriptDocumentation;
			productName = Documentation;
		};
		65EEC18D106A340B00E2E451 /* All */ = {
			isa = PBXAggregateTarget;
			buildConfigurationList = 65EEC1A2106A344D00E2E451 /* Build configuration list for PBXAggregateTarget "All" */;
			buildPhases = (
			);
			dependencies = (
				65EEC196106A341400E2E451 /* PBXTargetDependency */,
				65EEC198106A341600E2E451 /* PBXTargetDependency */,
			);
			name = All;
			productName = All;
		};
/* End PBXAggregateTarget section */

/* Begin PBXBuildFile section */
		651406BF10757A7D00AB47BA /* BMRubyScript.m in Sources */ = {isa = PBXBuildFile; fileRef = 65429596105FE1D00037E0C8 /* BMRubyScript.m */; };
		651407DF10758BDA00AB47BA /* NSObject_MemoryLogger.m in Sources */ = {isa = PBXBuildFile; fileRef = 651407DE10758BDA00AB47BA /* NSObject_MemoryLogger.m */; };
		65429597105FE1D00037E0C8 /* BMRubyScript.m in Sources */ = {isa = PBXBuildFile; fileRef = 65429596105FE1D00037E0C8 /* BMRubyScript.m */; };
		654295AB105FE24F0037E0C8 /* Convert To Oct.rb in Resources */ = {isa = PBXBuildFile; fileRef = 6542958B105FE1B80037E0C8 /* Convert To Oct.rb */; };
		654295AC105FE24F0037E0C8 /* Convert To Hex Template.rb in Resources */ = {isa = PBXBuildFile; fileRef = 6542958D105FE1B80037E0C8 /* Convert To Hex Template.rb */; };
		654295AD105FE24F0037E0C8 /* Convert To Decimal Template.rb in Resources */ = {isa = PBXBuildFile; fileRef = 6542958E105FE1B80037E0C8 /* Convert To Decimal Template.rb */; };
		654295AE105FE24F0037E0C8 /* Multiple Tokens Template.rb in Resources */ = {isa = PBXBuildFile; fileRef = 6542958F105FE1B80037E0C8 /* Multiple Tokens Template.rb */; };
		654295D1105FE2A90037E0C8 /* BMScript.m in Sources */ = {isa = PBXBuildFile; fileRef = 654295D0105FE2A90037E0C8 /* BMScript.m */; };
		6547BCCF1069903F00B3A390 /* BMScriptProbes.d in Sources */ = {isa = PBXBuildFile; fileRef = 6547BCCE10698F7A00B3A390 /* BMScriptProbes.d */; };
		654E9D58106C2082008CC673 /* ScriptRunner.m in Sources */ = {isa = PBXBuildFile; fileRef = 654E9D57106C2082008CC673 /* ScriptRunner.m */; };
		65731FD210677891001E9123 /* Multiple Defined Tokens Template.rb in Resources */ = {isa = PBXBuildFile; fileRef = 65731FD110677891001E9123 /* Multiple Defined Tokens Template.rb */; };
		6583F842106F5D2B0073983C /* BMScriptBareBonesTest.m in Sources */ = {isa = PBXBuildFile; fileRef = 6597ED07106E0F0100487C1E /* BMScriptBareBonesTest.m */; };
		65BA2B9910676CB9000B5D3B /* SenTestingKit.framework in Frameworks */ = {isa = PBXBuildFile; fileRef = 654295A8105FE2410037E0C8 /* SenTestingKit.framework */; };
		65BF535C1074C9E100F7F5A5 /* BMScript.m in Sources */ = {isa = PBXBuildFile; fileRef = 654295D0105FE2A90037E0C8 /* BMScript.m */; };
		65C58144106745FE00BE26F6 /* BMScriptUnitTests.m in Sources */ = {isa = PBXBuildFile; fileRef = 65C58143106745FE00BE26F6 /* BMScriptUnitTests.m */; };
		8DD76F9C0486AA7600D96B5E /* Foundation.framework in Frameworks */ = {isa = PBXBuildFile; fileRef = 08FB779EFE84155DC02AAC07 /* Foundation.framework */; };
		8DD76F9F0486AA7600D96B5E /* BMScriptTest.1 in CopyFiles */ = {isa = PBXBuildFile; fileRef = C6859EA3029092ED04C91782 /* BMScriptTest.1 */; };
/* End PBXBuildFile section */

/* Begin PBXContainerItemProxy section */
		6581A39210675DA300558062 /* PBXContainerItemProxy */ = {
			isa = PBXContainerItemProxy;
			containerPortal = 08FB7793FE84155DC02AAC07 /* Project object */;
			proxyType = 1;
			remoteGlobalIDString = 8DD76F960486AA7600D96B5E;
			remoteInfo = BMScriptTest;
		};
		65EEC195106A341400E2E451 /* PBXContainerItemProxy */ = {
			isa = PBXContainerItemProxy;
			containerPortal = 08FB7793FE84155DC02AAC07 /* Project object */;
			proxyType = 1;
			remoteGlobalIDString = 654295A1105FE22B0037E0C8;
			remoteInfo = BMScriptUnitTests;
		};
		65EEC197106A341600E2E451 /* PBXContainerItemProxy */ = {
			isa = PBXContainerItemProxy;
			containerPortal = 08FB7793FE84155DC02AAC07 /* Project object */;
			proxyType = 1;
			remoteGlobalIDString = 657323E81067BF6A001E9123;
			remoteInfo = Documentation;
		};
/* End PBXContainerItemProxy section */

/* Begin PBXCopyFilesBuildPhase section */
		8DD76F9E0486AA7600D96B5E /* CopyFiles */ = {
			isa = PBXCopyFilesBuildPhase;
			buildActionMask = 8;
			dstPath = /usr/share/man/man1/;
			dstSubfolderSpec = 0;
			files = (
				8DD76F9F0486AA7600D96B5E /* BMScriptTest.1 in CopyFiles */,
			);
			runOnlyForDeploymentPostprocessing = 1;
		};
/* End PBXCopyFilesBuildPhase section */

/* Begin PBXFileReference section */
		08FB7796FE84155DC02AAC07 /* BMScriptTest.m */ = {isa = PBXFileReference; fileEncoding = 4; lastKnownFileType = sourcecode.c.objc; path = BMScriptTest.m; sourceTree = "<group>"; wrapsLines = 1; };
		08FB779EFE84155DC02AAC07 /* Foundation.framework */ = {isa = PBXFileReference; lastKnownFileType = wrapper.framework; name = Foundation.framework; path = /System/Library/Frameworks/Foundation.framework; sourceTree = "<absolute>"; };
		32A70AAB03705E1F00C91783 /* BMScriptTest_Prefix.pch */ = {isa = PBXFileReference; fileEncoding = 4; lastKnownFileType = sourcecode.c.h; path = BMScriptTest_Prefix.pch; sourceTree = "<group>"; };
		6503F08810729F9A00B260F7 /* SubclassingExample.m */ = {isa = PBXFileReference; fileEncoding = 4; lastKnownFileType = sourcecode.c.objc; path = SubclassingExample.m; sourceTree = "<group>"; };
		6503F0A11072A05F00B260F7 /* BlockingExecutionExamples.m */ = {isa = PBXFileReference; fileEncoding = 4; lastKnownFileType = sourcecode.c.objc; path = BlockingExecutionExamples.m; sourceTree = "<group>"; };
		6503F16A1072BAD900B260F7 /* DoxyfileTemplate */ = {isa = PBXFileReference; fileEncoding = 4; lastKnownFileType = text; path = DoxyfileTemplate; sourceTree = "<group>"; };
		6503F1BA1072D16300B260F7 /* Version.xcconfig */ = {isa = PBXFileReference; fileEncoding = 4; lastKnownFileType = text.xcconfig; path = Version.xcconfig; sourceTree = "<group>"; };
		6503F2481072DE0C00B260F7 /* BlockingExecutionExamples1.m */ = {isa = PBXFileReference; fileEncoding = 4; lastKnownFileType = sourcecode.c.objc; path = BlockingExecutionExamples1.m; sourceTree = "<group>"; };
		6503F2491072DE3600B260F7 /* BlockingExecutionExamples2.m */ = {isa = PBXFileReference; fileEncoding = 4; lastKnownFileType = sourcecode.c.objc; path = BlockingExecutionExamples2.m; sourceTree = "<group>"; };
		6503F24A1072DE5A00B260F7 /* BlockingExecutionExamples3.m */ = {isa = PBXFileReference; fileEncoding = 4; lastKnownFileType = sourcecode.c.objc; path = BlockingExecutionExamples3.m; sourceTree = "<group>"; };
		6503F2CC1073754100B260F7 /* common.css */ = {isa = PBXFileReference; fileEncoding = 4; lastKnownFileType = text.css; path = common.css; sourceTree = "<group>"; };
		6503F2CD1073754100B260F7 /* content.css */ = {isa = PBXFileReference; fileEncoding = 4; lastKnownFileType = text.css; path = content.css; sourceTree = "<group>"; };
		651407DD10758BDA00AB47BA /* NSObject_MemoryLogger.h */ = {isa = PBXFileReference; fileEncoding = 4; lastKnownFileType = sourcecode.c.h; path = NSObject_MemoryLogger.h; sourceTree = "<group>"; };
		651407DE10758BDA00AB47BA /* NSObject_MemoryLogger.m */ = {isa = PBXFileReference; fileEncoding = 4; lastKnownFileType = sourcecode.c.objc; path = NSObject_MemoryLogger.m; sourceTree = "<group>"; };
		652085F01071634600BA57EC /* debug.sh */ = {isa = PBXFileReference; fileEncoding = 4; lastKnownFileType = text.script.sh; path = debug.sh; sourceTree = "<group>"; };
		652085F4107163DC00BA57EC /* Debug.xcconfig */ = {isa = PBXFileReference; fileEncoding = 4; lastKnownFileType = text.xcconfig; path = Debug.xcconfig; sourceTree = "<group>"; wrapsLines = 1; };
		653A09E61067CB5A0027DF98 /* bmScriptLanguageProtocol.m */ = {isa = PBXFileReference; fileEncoding = 4; lastKnownFileType = sourcecode.c.objc; path = bmScriptLanguageProtocol.m; sourceTree = "<group>"; };
		653A0A021067CECA0027DF98 /* bmScriptOptionsDictionary.m */ = {isa = PBXFileReference; fileEncoding = 4; lastKnownFileType = sourcecode.c.objc; path = bmScriptOptionsDictionary.m; sourceTree = "<group>"; };
		653A0A031067CF7C0027DF98 /* bmScriptSynthesizeOptions.m */ = {isa = PBXFileReference; fileEncoding = 4; lastKnownFileType = sourcecode.c.objc; path = bmScriptSynthesizeOptions.m; sourceTree = "<group>"; };
		653A0A2E1067D4E40027DF98 /* bmScriptCreationMethods.m */ = {isa = PBXFileReference; fileEncoding = 4; lastKnownFileType = sourcecode.c.objc; path = bmScriptCreationMethods.m; sourceTree = "<group>"; };
		653A0A2F1067D6B20027DF98 /* bmScriptConvenienceMethods.m */ = {isa = PBXFileReference; fileEncoding = 4; lastKnownFileType = sourcecode.c.objc; path = bmScriptConvenienceMethods.m; sourceTree = "<group>"; };
		653A0A301067D8C10027DF98 /* bmScriptSaturateTemplate.m */ = {isa = PBXFileReference; fileEncoding = 4; lastKnownFileType = sourcecode.c.objc; path = bmScriptSaturateTemplate.m; sourceTree = "<group>"; };
		653A0B4C1067E2930027DF98 /* bmScriptExecution.m */ = {isa = PBXFileReference; fileEncoding = 4; lastKnownFileType = sourcecode.c.objc; path = bmScriptExecution.m; sourceTree = "<group>"; };
		653A0B691067E5860027DF98 /* NotificationExample.m */ = {isa = PBXFileReference; fileEncoding = 4; lastKnownFileType = sourcecode.c.objc; path = NotificationExample.m; sourceTree = "<group>"; };
		653A0B6A1067E89B0027DF98 /* bmScriptDelegateMethods.m */ = {isa = PBXFileReference; fileEncoding = 4; lastKnownFileType = sourcecode.c.objc; path = bmScriptDelegateMethods.m; sourceTree = "<group>"; };
		653A0B6B1067E9440027DF98 /* bmScriptHistory.m */ = {isa = PBXFileReference; fileEncoding = 4; lastKnownFileType = sourcecode.c.objc; path = bmScriptHistory.m; sourceTree = "<group>"; };
		653A0BFA10681BA10027DF98 /* convertToDecimalTemplate.rb */ = {isa = PBXFileReference; fileEncoding = 4; lastKnownFileType = text.script.ruby; path = convertToDecimalTemplate.rb; sourceTree = "<group>"; };
		653D01761074BB4400C9F7CC /* UnitTests.xcconfig */ = {isa = PBXFileReference; fileEncoding = 4; lastKnownFileType = text.xcconfig; path = UnitTests.xcconfig; sourceTree = "<group>"; };
		6542958B105FE1B80037E0C8 /* Convert To Oct.rb */ = {isa = PBXFileReference; fileEncoding = 4; lastKnownFileType = text.script.ruby; path = "Convert To Oct.rb"; sourceTree = "<group>"; };
		6542958D105FE1B80037E0C8 /* Convert To Hex Template.rb */ = {isa = PBXFileReference; fileEncoding = 4; lastKnownFileType = text.script.ruby; path = "Convert To Hex Template.rb"; sourceTree = "<group>"; };
		6542958E105FE1B80037E0C8 /* Convert To Decimal Template.rb */ = {isa = PBXFileReference; fileEncoding = 4; lastKnownFileType = text.script.ruby; path = "Convert To Decimal Template.rb"; sourceTree = "<group>"; };
		6542958F105FE1B80037E0C8 /* Multiple Tokens Template.rb */ = {isa = PBXFileReference; fileEncoding = 4; lastKnownFileType = text.script.ruby; path = "Multiple Tokens Template.rb"; sourceTree = "<group>"; };
		65429590105FE1B80037E0C8 /* BMRubyScriptUnitTests.m */ = {isa = PBXFileReference; fileEncoding = 4; lastKnownFileType = sourcecode.c.objc; path = BMRubyScriptUnitTests.m; sourceTree = "<group>"; };
		65429595105FE1D00037E0C8 /* BMRubyScript.h */ = {isa = PBXFileReference; fileEncoding = 4; lastKnownFileType = sourcecode.c.h; path = BMRubyScript.h; sourceTree = "<group>"; };
		65429596105FE1D00037E0C8 /* BMRubyScript.m */ = {isa = PBXFileReference; fileEncoding = 4; lastKnownFileType = sourcecode.c.objc; path = BMRubyScript.m; sourceTree = "<group>"; };
		654295A2105FE22B0037E0C8 /* BMScriptUnitTests.octest */ = {isa = PBXFileReference; explicitFileType = wrapper.cfbundle; includeInIndex = 0; path = BMScriptUnitTests.octest; sourceTree = BUILT_PRODUCTS_DIR; };
		654295A3105FE22B0037E0C8 /* BMScriptUnitTests-Info.plist */ = {isa = PBXFileReference; lastKnownFileType = text.plist.xml; path = "BMScriptUnitTests-Info.plist"; sourceTree = "<group>"; };
		654295A8105FE2410037E0C8 /* SenTestingKit.framework */ = {isa = PBXFileReference; lastKnownFileType = wrapper.framework; name = SenTestingKit.framework; path = Library/Frameworks/SenTestingKit.framework; sourceTree = DEVELOPER_DIR; };
		654295CF105FE2A90037E0C8 /* BMScript.h */ = {isa = PBXFileReference; fileEncoding = 4; lastKnownFileType = sourcecode.c.h; path = BMScript.h; sourceTree = "<group>"; wrapsLines = 1; };
		654295D0105FE2A90037E0C8 /* BMScript.m */ = {isa = PBXFileReference; fileEncoding = 4; lastKnownFileType = sourcecode.c.objc; path = BMScript.m; sourceTree = "<group>"; wrapsLines = 1; };
		654548181069F4E900E03140 /* BMScriptProbes.h */ = {isa = PBXFileReference; fileEncoding = 4; lastKnownFileType = sourcecode.c.h; path = BMScriptProbes.h; sourceTree = "<group>"; };
		65454AB6106A00E100E03140 /* doxygen.css */ = {isa = PBXFileReference; fileEncoding = 4; lastKnownFileType = text.css; path = doxygen.css; sourceTree = "<group>"; };
		6547BCCE10698F7A00B3A390 /* BMScriptProbes.d */ = {isa = PBXFileReference; fileEncoding = 4; lastKnownFileType = sourcecode.dtrace; path = BMScriptProbes.d; sourceTree = "<group>"; };
		654E9CE3106BEFB0008CC673 /* Documentation.xcconfig */ = {isa = PBXFileReference; fileEncoding = 4; lastKnownFileType = text.xcconfig; path = Documentation.xcconfig; sourceTree = "<group>"; };
		654E9D56106C2082008CC673 /* ScriptRunner.h */ = {isa = PBXFileReference; fileEncoding = 4; lastKnownFileType = sourcecode.c.h; path = ScriptRunner.h; sourceTree = "<group>"; wrapsLines = 0; };
		654E9D57106C2082008CC673 /* ScriptRunner.m */ = {isa = PBXFileReference; fileEncoding = 4; lastKnownFileType = sourcecode.c.objc; path = ScriptRunner.m; sourceTree = "<group>"; wrapsLines = 1; };
		65731FD110677891001E9123 /* Multiple Defined Tokens Template.rb */ = {isa = PBXFileReference; fileEncoding = 4; lastKnownFileType = text.script.ruby; path = "Multiple Defined Tokens Template.rb"; sourceTree = "<group>"; };
		6583FB79106FA7C30073983C /* BMDefines.h */ = {isa = PBXFileReference; fileEncoding = 4; lastKnownFileType = sourcecode.c.h; path = BMDefines.h; sourceTree = "<group>"; wrapsLines = 1; };
		6597ED07106E0F0100487C1E /* BMScriptBareBonesTest.m */ = {isa = PBXFileReference; fileEncoding = 4; lastKnownFileType = sourcecode.c.objc; path = BMScriptBareBonesTest.m; sourceTree = "<group>"; };
		659D40EA1071003100051C57 /* BMAtomic.h */ = {isa = PBXFileReference; fileEncoding = 4; lastKnownFileType = sourcecode.c.h; path = BMAtomic.h; sourceTree = "<group>"; };
		65C58143106745FE00BE26F6 /* BMScriptUnitTests.m */ = {isa = PBXFileReference; fileEncoding = 4; lastKnownFileType = sourcecode.c.objc; path = BMScriptUnitTests.m; sourceTree = "<group>"; };
		8DD76FA10486AA7600D96B5E /* BMScriptTest */ = {isa = PBXFileReference; explicitFileType = "compiled.mach-o.executable"; includeInIndex = 0; path = BMScriptTest; sourceTree = BUILT_PRODUCTS_DIR; };
		C6859EA3029092ED04C91782 /* BMScriptTest.1 */ = {isa = PBXFileReference; lastKnownFileType = text.man; path = BMScriptTest.1; sourceTree = "<group>"; };
/* End PBXFileReference section */

/* Begin PBXFrameworksBuildPhase section */
		6542959F105FE22B0037E0C8 /* Frameworks */ = {
			isa = PBXFrameworksBuildPhase;
			buildActionMask = 2147483647;
			files = (
				65BA2B9910676CB9000B5D3B /* SenTestingKit.framework in Frameworks */,
			);
			runOnlyForDeploymentPostprocessing = 0;
		};
		8DD76F9B0486AA7600D96B5E /* Frameworks */ = {
			isa = PBXFrameworksBuildPhase;
			buildActionMask = 2147483647;
			files = (
				8DD76F9C0486AA7600D96B5E /* Foundation.framework in Frameworks */,
			);
			runOnlyForDeploymentPostprocessing = 0;
		};
/* End PBXFrameworksBuildPhase section */

/* Begin PBXGroup section */
		08FB7794FE84155DC02AAC07 /* BMScriptTest */ = {
			isa = PBXGroup;
			children = (
				654E9CE4106BEFBF008CC673 /* Config */,
				08FB7795FE84155DC02AAC07 /* Source */,
				65429588105FE1B80037E0C8 /* Unit Tests */,
				6547BCCC10698F2400B3A390 /* Probes */,
				65731F961067771B001E9123 /* Other Sources */,
				C6859EA2029092E104C91782 /* Documentation */,
				08FB779DFE84155DC02AAC07 /* External Frameworks and Libraries */,
				1AB674ADFE9D54B511CA2CBB /* Products */,
				654295A3105FE22B0037E0C8 /* BMScriptUnitTests-Info.plist */,
			);
			name = BMScriptTest;
			sourceTree = "<group>";
		};
		08FB7795FE84155DC02AAC07 /* Source */ = {
			isa = PBXGroup;
			children = (
				65349A1E1075611300376626 /* Scripts */,
				65429594105FE1D00037E0C8 /* Classes */,
				08FB7796FE84155DC02AAC07 /* BMScriptTest.m */,
				6597ED07106E0F0100487C1E /* BMScriptBareBonesTest.m */,
			);
			name = Source;
			sourceTree = "<group>";
		};
		08FB779DFE84155DC02AAC07 /* External Frameworks and Libraries */ = {
			isa = PBXGroup;
			children = (
				654295A8105FE2410037E0C8 /* SenTestingKit.framework */,
				08FB779EFE84155DC02AAC07 /* Foundation.framework */,
			);
			name = "External Frameworks and Libraries";
			sourceTree = "<group>";
		};
		1AB674ADFE9D54B511CA2CBB /* Products */ = {
			isa = PBXGroup;
			children = (
				8DD76FA10486AA7600D96B5E /* BMScriptTest */,
				654295A2105FE22B0037E0C8 /* BMScriptUnitTests.octest */,
			);
			name = Products;
			sourceTree = "<group>";
		};
		6503F09010729FF000B260F7 /* Examples */ = {
			isa = PBXGroup;
			children = (
				653A0B691067E5860027DF98 /* NotificationExample.m */,
				6503F08810729F9A00B260F7 /* SubclassingExample.m */,
				6503F0A11072A05F00B260F7 /* BlockingExecutionExamples.m */,
				6503F2481072DE0C00B260F7 /* BlockingExecutionExamples1.m */,
				6503F2491072DE3600B260F7 /* BlockingExecutionExamples2.m */,
				6503F24A1072DE5A00B260F7 /* BlockingExecutionExamples3.m */,
			);
			includeInIndex = 0;
			name = Examples;
			sourceTree = "<group>";
		};
		6503F2CA1073752000B260F7 /* Resources */ = {
			isa = PBXGroup;
			children = (
				6503F2CB1073752700B260F7 /* CSS */,
			);
			name = Resources;
			sourceTree = "<group>";
		};
		6503F2CB1073752700B260F7 /* CSS */ = {
			isa = PBXGroup;
			children = (
				6503F2E11073791C00B260F7 /* Third-Party */,
				65454AB6106A00E100E03140 /* doxygen.css */,
			);
			name = CSS;
			sourceTree = "<group>";
		};
		6503F2E11073791C00B260F7 /* Third-Party */ = {
			isa = PBXGroup;
			children = (
				6503F2CC1073754100B260F7 /* common.css */,
				6503F2CD1073754100B260F7 /* content.css */,
			);
			name = "Third-Party";
			sourceTree = "<group>";
		};
		651407F710758E6B00AB47BA /* Categories */ = {
			isa = PBXGroup;
			children = (
				651407DD10758BDA00AB47BA /* NSObject_MemoryLogger.h */,
				651407DE10758BDA00AB47BA /* NSObject_MemoryLogger.m */,
			);
			name = Categories;
			sourceTree = "<group>";
		};
		65349A1E1075611300376626 /* Scripts */ = {
			isa = PBXGroup;
			children = (
				652085F01071634600BA57EC /* debug.sh */,
			);
			name = Scripts;
			sourceTree = "<group>";
		};
		65429588105FE1B80037E0C8 /* Unit Tests */ = {
			isa = PBXGroup;
			children = (
				65429589105FE1B80037E0C8 /* Resources */,
				65429590105FE1B80037E0C8 /* BMRubyScriptUnitTests.m */,
				65C58143106745FE00BE26F6 /* BMScriptUnitTests.m */,
			);
			name = "Unit Tests";
			sourceTree = "<group>";
		};
		65429589105FE1B80037E0C8 /* Resources */ = {
			isa = PBXGroup;
			children = (
				6542958A105FE1B80037E0C8 /* Scripts */,
				6542958C105FE1B80037E0C8 /* Templates */,
			);
			name = Resources;
			sourceTree = "<group>";
		};
		6542958A105FE1B80037E0C8 /* Scripts */ = {
			isa = PBXGroup;
			children = (
				6542958B105FE1B80037E0C8 /* Convert To Oct.rb */,
			);
			name = Scripts;
			sourceTree = "<group>";
		};
		6542958C105FE1B80037E0C8 /* Templates */ = {
			isa = PBXGroup;
			children = (
				6542958D105FE1B80037E0C8 /* Convert To Hex Template.rb */,
				6542958E105FE1B80037E0C8 /* Convert To Decimal Template.rb */,
				6542958F105FE1B80037E0C8 /* Multiple Tokens Template.rb */,
				65731FD110677891001E9123 /* Multiple Defined Tokens Template.rb */,
			);
			name = Templates;
			sourceTree = "<group>";
		};
		65429594105FE1D00037E0C8 /* Classes */ = {
			isa = PBXGroup;
			children = (
				659D40E81071001500051C57 /* Defines, Macros, etc. */,
				651407F710758E6B00AB47BA /* Categories */,
				65BA2D2D106776E5000B5D3B /* Helper Classes */,
				654295CF105FE2A90037E0C8 /* BMScript.h */,
				654295D0105FE2A90037E0C8 /* BMScript.m */,
				65429595105FE1D00037E0C8 /* BMRubyScript.h */,
				65429596105FE1D00037E0C8 /* BMRubyScript.m */,
			);
			name = Classes;
			sourceTree = "<group>";
		};
		6547BCCC10698F2400B3A390 /* Probes */ = {
			isa = PBXGroup;
			children = (
				654548181069F4E900E03140 /* BMScriptProbes.h */,
				6547BCCE10698F7A00B3A390 /* BMScriptProbes.d */,
			);
			name = Probes;
			sourceTree = "<group>";
		};
		654E9CE4106BEFBF008CC673 /* Config */ = {
			isa = PBXGroup;
			children = (
				6503F1BA1072D16300B260F7 /* Version.xcconfig */,
				652085F4107163DC00BA57EC /* Debug.xcconfig */,
				654E9CE3106BEFB0008CC673 /* Documentation.xcconfig */,
				653D01761074BB4400C9F7CC /* UnitTests.xcconfig */,
			);
			name = Config;
			sourceTree = "<group>";
		};
		65731F961067771B001E9123 /* Other Sources */ = {
			isa = PBXGroup;
			children = (
				32A70AAB03705E1F00C91783 /* BMScriptTest_Prefix.pch */,
			);
			name = "Other Sources";
			sourceTree = "<group>";
		};
		659D40E81071001500051C57 /* Defines, Macros, etc. */ = {
			isa = PBXGroup;
			children = (
				6583FB79106FA7C30073983C /* BMDefines.h */,
				659D40EA1071003100051C57 /* BMAtomic.h */,
			);
			name = "Defines, Macros, etc.";
			sourceTree = "<group>";
		};
		65B45BD110696CE10015DF1B /* Includes */ = {
			isa = PBXGroup;
			children = (
				653A09E61067CB5A0027DF98 /* bmScriptLanguageProtocol.m */,
				653A0A021067CECA0027DF98 /* bmScriptOptionsDictionary.m */,
				653A0A031067CF7C0027DF98 /* bmScriptSynthesizeOptions.m */,
				653A0A2E1067D4E40027DF98 /* bmScriptCreationMethods.m */,
				653A0A2F1067D6B20027DF98 /* bmScriptConvenienceMethods.m */,
				653A0A301067D8C10027DF98 /* bmScriptSaturateTemplate.m */,
				653A0B4C1067E2930027DF98 /* bmScriptExecution.m */,
				653A0B6A1067E89B0027DF98 /* bmScriptDelegateMethods.m */,
				653A0B6B1067E9440027DF98 /* bmScriptHistory.m */,
				653A0BFA10681BA10027DF98 /* convertToDecimalTemplate.rb */,
			);
			includeInIndex = 0;
			name = Includes;
			sourceTree = "<group>";
		};
		65BA2D2D106776E5000B5D3B /* Helper Classes */ = {
			isa = PBXGroup;
			children = (
				654E9D56106C2082008CC673 /* ScriptRunner.h */,
				654E9D57106C2082008CC673 /* ScriptRunner.m */,
			);
			name = "Helper Classes";
			sourceTree = "<group>";
		};
		C6859EA2029092E104C91782 /* Documentation */ = {
			isa = PBXGroup;
			children = (
				6503F2CA1073752000B260F7 /* Resources */,
				6503F09010729FF000B260F7 /* Examples */,
				65B45BD110696CE10015DF1B /* Includes */,
				6503F16A1072BAD900B260F7 /* DoxyfileTemplate */,
				C6859EA3029092ED04C91782 /* BMScriptTest.1 */,
			);
			name = Documentation;
			sourceTree = "<group>";
		};
/* End PBXGroup section */

/* Begin PBXNativeTarget section */
		654295A1105FE22B0037E0C8 /* BMScriptUnitTests */ = {
			isa = PBXNativeTarget;
			buildConfigurationList = 654295A6105FE22C0037E0C8 /* Build configuration list for PBXNativeTarget "BMScriptUnitTests" */;
			buildPhases = (
				6542959D105FE22B0037E0C8 /* Resources */,
				6542959E105FE22B0037E0C8 /* Sources */,
				6542959F105FE22B0037E0C8 /* Frameworks */,
				654295A0105FE22B0037E0C8 /* ShellScript */,
			);
			buildRules = (
			);
			dependencies = (
				6581A39310675DA300558062 /* PBXTargetDependency */,
			);
			name = BMScriptUnitTests;
			productName = BMScriptUnitTests;
			productReference = 654295A2105FE22B0037E0C8 /* BMScriptUnitTests.octest */;
			productType = "com.apple.product-type.bundle";
		};
		8DD76F960486AA7600D96B5E /* BMScriptTest */ = {
			isa = PBXNativeTarget;
			buildConfigurationList = 1DEB927408733DD40010E9CD /* Build configuration list for PBXNativeTarget "BMScriptTest" */;
			buildPhases = (
				6520F82B1071706C00683038 /* Source debug.sh */,
				6547BD221069943B00B3A390 /* Generate DTrace Header Files */,
				8DD76F990486AA7600D96B5E /* Sources */,
				8DD76F9B0486AA7600D96B5E /* Frameworks */,
				8DD76F9E0486AA7600D96B5E /* CopyFiles */,
			);
			buildRules = (
			);
			dependencies = (
			);
			name = BMScriptTest;
			productInstallPath = "$(HOME)/bin";
			productName = BMScriptTest;
			productReference = 8DD76FA10486AA7600D96B5E /* BMScriptTest */;
			productType = "com.apple.product-type.tool";
		};
/* End PBXNativeTarget section */

/* Begin PBXProject section */
		08FB7793FE84155DC02AAC07 /* Project object */ = {
			isa = PBXProject;
			attributes = {
				BuildIndependentTargetsInParallel = YES;
			};
			buildConfigurationList = 1DEB927808733DD40010E9CD /* Build configuration list for PBXProject "BMScriptTest" */;
			compatibilityVersion = "Xcode 3.1";
			hasScannedForEncodings = 1;
			mainGroup = 08FB7794FE84155DC02AAC07 /* BMScriptTest */;
			projectDirPath = "";
			projectRoot = "";
			targets = (
				65EEC18D106A340B00E2E451 /* All */,
				8DD76F960486AA7600D96B5E /* BMScriptTest */,
				654295A1105FE22B0037E0C8 /* BMScriptUnitTests */,
				657323E81067BF6A001E9123 /* BMScriptDocumentation */,
			);
		};
/* End PBXProject section */

/* Begin PBXResourcesBuildPhase section */
		6542959D105FE22B0037E0C8 /* Resources */ = {
			isa = PBXResourcesBuildPhase;
			buildActionMask = 2147483647;
			files = (
				654295AB105FE24F0037E0C8 /* Convert To Oct.rb in Resources */,
				654295AC105FE24F0037E0C8 /* Convert To Hex Template.rb in Resources */,
				654295AD105FE24F0037E0C8 /* Convert To Decimal Template.rb in Resources */,
				654295AE105FE24F0037E0C8 /* Multiple Tokens Template.rb in Resources */,
				65731FD210677891001E9123 /* Multiple Defined Tokens Template.rb in Resources */,
			);
			runOnlyForDeploymentPostprocessing = 0;
		};
/* End PBXResourcesBuildPhase section */

/* Begin PBXShellScriptBuildPhase section */
		6503F10A1072ACD000B260F7 /* Saturate ENVs in DoxyfileTemplate */ = {
			isa = PBXShellScriptBuildPhase;
			buildActionMask = 2147483647;
			files = (
			);
			inputPaths = (
			);
			name = "Saturate ENVs in DoxyfileTemplate";
			outputPaths = (
			);
			runOnlyForDeploymentPostprocessing = 0;
			shellPath = "/usr/bin/env ruby -wKu";
			shellScript = "# \n#  Saturate Doxygen Template\n#  Xcode Build Scripts\n#  \n#  Created by Andre Berg on 2009-09-30.\n#  Copyright 2009 Berg Media. All rights reserved.\n# \n#  Saturates a Doxyfile template with values \n#  from .xcconfig files.\n#\n\nXCODE = true\n\n# these should be set from the .xcconfig files but I did not succeed in\n# getting the needed inline shell script output. So we set those from here...\n\nENV['SVN_REVISION'] = `svn info | grep Revision | awk '{print $2}'`.chomp!\nENV['PROJECT_VERSION'] = \"%.1f\" % (ENV['SVN_REVISION'].to_i / 150.0)\nENV['PROJECT_NUMBER'] = \"#{ENV['PROJECT_VERSION']} (r#{ENV['SVN_REVISION']})\"\n\nif XCODE\n   puts \"Running Replace ENVs in DOXYFILE\"\n   doxyfile_path = \"#{ENV['SRCROOT']}/#{ENV['DOXYFILE']}\"\n   doxyfile_template_path = \"#{ENV['SRCROOT']}/#{ENV['DOXYFILE_TEMPLATE']}\"\nelse\n   doxyfile_template_path = \"/Users/andre/Documents/Xcode/CommandLineUtility/Foundation/+Tests/BMScriptTestSVN/trunk/DoxyfileTemplate\"\nend\ndoxyfile_contents = File.read(doxyfile_template_path)\n\nputs \"doxyfile_template_path = \\\"#{doxyfile_template_path}\\\"\" if $DEBUG\n\nif XCODE\n   # a hash table is perfect for storying what need to be unique symbols\n   # a symbol on this case is one build setting shell variable (i.e. $SRCROOT)\n   # which must be replaced\n   symbols = Hash.new()\n   \n   doxyfile_contents.each_line do |line|\n      if /\\$([A-Z_]+)/.match(line)\n         matchdata = $~\n         symbols[\"$#{matchdata[1]}\"] = ENV[matchdata[1]]\n      end\n   end\n   \nelse\n   symbols = {\"$SRCROOT\" => \"/Users/andre/Documents/Xcode/CommandLineUtility/Foundation/+Tests/BMScriptTestSVN/trunk\", \"$DOXYGEN_RES_PATH\" => \"/Developer/Applications/Utilities/Third-Party/Doxygen.app/Contents/Resources\", \"$DOT_PATH\" => \"/opt/local/bin\"}\nend\n\nputs \"symbols = '#{symbols.inspect}'\" if $DEBUG\n\nsymbols.each_pair do |key, value|\n   if value\n      doxyfile_contents.gsub!(key, value)\n   else\n      doxyfile_contents.gsub!(\"#{key}\", \"#{key}\")\n   end\nend\n\nif $DEBUG\n   puts \"doxyfile_contents = '#{doxyfile_contents}'\" \nelse\n   doxyfile_new = File.open(\"#{doxyfile_path}\", \"w\")\n   doxyfile_new.write(doxyfile_contents)\n   doxyfile_new.close\nend";
		};
		6520F82B1071706C00683038 /* Source debug.sh */ = {
			isa = PBXShellScriptBuildPhase;
			buildActionMask = 2147483647;
			files = (
			);
			inputPaths = (
			);
			name = "Source debug.sh";
			outputPaths = (
			);
			runOnlyForDeploymentPostprocessing = 0;
			shellPath = /bin/sh;
			shellScript = "# returns 1 if $1 contains $2\n# and 0 if it does not\nstrcont() {\n    result=\"${1//*$2*/#}\"\n    result=\"${result//#/$2}\"\n    if [[ \"$result\" == \"$2\" ]]; then\n        echo 1\n    else\n        echo 0\n    fi\n}\n\n# source debug.sh if our $BUILD_STYLE contains the word \"Debug\"\n\nDEBUGSH=`strcont \"$BUILD_STYLE\" \"Debug\"`\nif [[ $USE_DEBUG_SCRIPT_SETUP == 1 && $DEBUGSH == 1 ]]; then\n\tif [ -x \"debug.sh\" ]; then\n\t\techo source debug.sh\n \t\tsource \"debug.sh\"\n\tfi\nfi\n";
		};
		654295A0105FE22B0037E0C8 /* ShellScript */ = {
			isa = PBXShellScriptBuildPhase;
			buildActionMask = 2147483647;
			files = (
			);
			inputPaths = (
			);
			outputPaths = (
			);
			runOnlyForDeploymentPostprocessing = 0;
			shellPath = /bin/sh;
			shellScript = "# Run the unit tests in this test bundle.\n\"${SYSTEM_DEVELOPER_DIR}/Tools/RunUnitTests\"\n";
		};
		65454AB8106A015800E03140 /* Overwrite doxygen.css Copies (disabled) */ = {
			isa = PBXShellScriptBuildPhase;
			buildActionMask = 2147483647;
			files = (
			);
			inputPaths = (
			);
			name = "Overwrite doxygen.css Copies (disabled)";
			outputPaths = (
			);
			runOnlyForDeploymentPostprocessing = 0;
			shellPath = /bin/sh;
			shellScript = "#if [[ -e \"$SOURCE_ROOT/BMScript.docset/html/doxygen.css\" ]]; then\n#\techo overwriting auto-generated doxygen.css with tuned copy from Documentation group\n#\tcp -f \"$SOURCE_ROOT/doxygen.css\" \"$SOURCE_ROOT/BMScript.docset/html/doxygen.css\"\n#fi\n#\n#if [[ -e \"$SOURCE_ROOT/BMScript.docset/html/com.bergmedia.BMScript.docset/Contents/Resources/Documents/doxygen.css\" ]]; then\n#\techo overwriting auto-generated doxygen.css with tuned copy from Documentation group\n#\tcp -f \"$SOURCE_ROOT/doxygen.css\" \"$SOURCE_ROOT/BMScript.docset/html/com.bergmedia.BMScript.docset/Contents/Resources/Documents/doxygen.css\"\n#fi\n#\n#if [[ -e \"$HOME/Library/Developer/Shared/Documentation/DocSets/com.bergmedia.BMScript.docset/Contents/Resources/Documents/doxygen.css\" ]]; then\n#\techo overwriting auto-generated doxygen.css with tuned copy from Documentation group\n#\tcp -f \"$SOURCE_ROOT/doxygen.css\" \"$HOME/Library/Developer/Shared/Documentation/DocSets/com.bergmedia.BMScript.docset/Contents/Resources/Documents/doxygen.css\"\n#fi";
		};
		6547BD221069943B00B3A390 /* Generate DTrace Header Files */ = {
			isa = PBXShellScriptBuildPhase;
			buildActionMask = 2147483647;
			files = (
			);
			inputPaths = (
			);
			name = "Generate DTrace Header Files";
			outputPaths = (
			);
			runOnlyForDeploymentPostprocessing = 0;
			shellPath = /bin/sh;
			shellScript = "echo \"Generating header files for dtrace probes matching glob pattern *Probes.d\"\ndtrace -h -s *Probes.d";
		};
		655D7B78106A1CA500B4B907 /* Import DocSet into Xcode */ = {
			isa = PBXShellScriptBuildPhase;
			buildActionMask = 2147483647;
			files = (
			);
			inputPaths = (
			);
			name = "Import DocSet into Xcode";
			outputPaths = (
			);
			runOnlyForDeploymentPostprocessing = 0;
			shellPath = /bin/sh;
			shellScript = "#  make will invoke docsetutil. Take a look at the Makefile to see how this is done.\n\nmake -C \"$SOURCE_ROOT/$DOCSET_NAME/html\" install\n\n#  Construct a temporary applescript file to tell Xcode to load a docset.\n\nrm -f \"$TEMP_DIR/loadDocSet.scpt\"\n\necho \"tell application \\\"Xcode\\\"\" >> \"$TEMP_DIR/loadDocSet.scpt\"\necho \"\tload documentation set with path \\\"/Users/$USER/Library/Developer/Shared/Documentation/DocSets/\\\"\" >> \"$TEMP_DIR/loadDocSet.scpt\"\necho \"end tell\" >> \"$TEMP_DIR/loadDocSet.scpt\"\n\n#  Run the load-docset applescript command.\n\narch -i386 osascript \"$TEMP_DIR/loadDocSet.scpt\"";
		};
		657323E71067BF6A001E9123 /* Run Doxygen */ = {
			isa = PBXShellScriptBuildPhase;
			buildActionMask = 2147483647;
			files = (
			);
			inputPaths = (
			);
			name = "Run Doxygen";
			outputPaths = (
			);
			runOnlyForDeploymentPostprocessing = 0;
			shellPath = /bin/sh;
			shellScript = "#  Build the doxygen documentation for the project and load the docset into Xcode.\n\n#  Use the following to adjust the value of the $DOXYGEN_PATH User-Defined Setting:\n#    Binary install location: /Applications/Doxygen.app/Contents/Resources/doxygen\n#    Source build install location: /usr/local/bin/doxygen\n\n#  If the config file doesn't exist, run 'doxygen -g $SOURCE_ROOT/doxygen.config' to \n#   a get default file.\n\n# run doxygen to generate the makefile based on our DOXYFILE\n\n\"$DOXYGEN_PATH\" \"$SOURCE_ROOT/$DOXYFILE\"";
		};
/* End PBXShellScriptBuildPhase section */

/* Begin PBXSourcesBuildPhase section */
		6542959E105FE22B0037E0C8 /* Sources */ = {
			isa = PBXSourcesBuildPhase;
			buildActionMask = 2147483647;
			files = (
				65BF535C1074C9E100F7F5A5 /* BMScript.m in Sources */,
				651406BF10757A7D00AB47BA /* BMRubyScript.m in Sources */,
				65C58144106745FE00BE26F6 /* BMScriptUnitTests.m in Sources */,
			);
			runOnlyForDeploymentPostprocessing = 0;
		};
		8DD76F990486AA7600D96B5E /* Sources */ = {
			isa = PBXSourcesBuildPhase;
			buildActionMask = 2147483647;
			files = (
				6583F842106F5D2B0073983C /* BMScriptBareBonesTest.m in Sources */,
				65429597105FE1D00037E0C8 /* BMRubyScript.m in Sources */,
				654295D1105FE2A90037E0C8 /* BMScript.m in Sources */,
				6547BCCF1069903F00B3A390 /* BMScriptProbes.d in Sources */,
				654E9D58106C2082008CC673 /* ScriptRunner.m in Sources */,
				651407DF10758BDA00AB47BA /* NSObject_MemoryLogger.m in Sources */,
			);
			runOnlyForDeploymentPostprocessing = 0;
		};
/* End PBXSourcesBuildPhase section */

/* Begin PBXTargetDependency section */
		6581A39310675DA300558062 /* PBXTargetDependency */ = {
			isa = PBXTargetDependency;
			target = 8DD76F960486AA7600D96B5E /* BMScriptTest */;
			targetProxy = 6581A39210675DA300558062 /* PBXContainerItemProxy */;
		};
		65EEC196106A341400E2E451 /* PBXTargetDependency */ = {
			isa = PBXTargetDependency;
			target = 654295A1105FE22B0037E0C8 /* BMScriptUnitTests */;
			targetProxy = 65EEC195106A341400E2E451 /* PBXContainerItemProxy */;
		};
		65EEC198106A341600E2E451 /* PBXTargetDependency */ = {
			isa = PBXTargetDependency;
			target = 657323E81067BF6A001E9123 /* BMScriptDocumentation */;
			targetProxy = 65EEC197106A341600E2E451 /* PBXContainerItemProxy */;
		};
/* End PBXTargetDependency section */

/* Begin XCBuildConfiguration section */
		1DEB927508733DD40010E9CD /* Debug */ = {
			isa = XCBuildConfiguration;
			baseConfigurationReference = 652085F4107163DC00BA57EC /* Debug.xcconfig */;
			buildSettings = {
				ALWAYS_SEARCH_USER_PATHS = NO;
				COPY_PHASE_STRIP = NO;
				GCC_DYNAMIC_NO_PIC = NO;
				GCC_ENABLE_FIX_AND_CONTINUE = YES;
				GCC_MODEL_TUNING = G5;
				GCC_OPTIMIZATION_LEVEL = 0;
				GCC_PRECOMPILE_PREFIX_HEADER = YES;
				GCC_PREFIX_HEADER = BMScriptTest_Prefix.pch;
				INSTALL_PATH = /usr/local/bin;
				PRODUCT_NAME = BMScriptTest;
				SDKROOT = macosx10.5;
			};
			name = Debug;
		};
		1DEB927608733DD40010E9CD /* Release */ = {
			isa = XCBuildConfiguration;
			buildSettings = {
				ALWAYS_SEARCH_USER_PATHS = NO;
				DEBUG_INFORMATION_FORMAT = "dwarf-with-dsym";
				GCC_MODEL_TUNING = G5;
				GCC_PRECOMPILE_PREFIX_HEADER = YES;
				GCC_PREFIX_HEADER = BMScriptTest_Prefix.pch;
				INSTALL_PATH = /usr/local/bin;
				PRODUCT_NAME = BMScriptTest;
			};
			name = Release;
		};
		1DEB927908733DD40010E9CD /* Debug */ = {
			isa = XCBuildConfiguration;
			buildSettings = {
				GCC_C_LANGUAGE_STANDARD = c99;
				GCC_OPTIMIZATION_LEVEL = 0;
				GCC_WARN_ABOUT_RETURN_TYPE = YES;
				GCC_WARN_UNUSED_VARIABLE = YES;
				PREBINDING = NO;
				RUN_CLANG_STATIC_ANALYZER = YES;
			};
			name = Debug;
		};
		1DEB927A08733DD40010E9CD /* Release */ = {
			isa = XCBuildConfiguration;
			buildSettings = {
				ARCHS = "$(ARCHS_STANDARD_32_64_BIT)";
				GCC_C_LANGUAGE_STANDARD = c99;
				GCC_WARN_ABOUT_RETURN_TYPE = YES;
				GCC_WARN_UNUSED_VARIABLE = YES;
				PREBINDING = NO;
				SDKROOT = macosx10.5;
			};
			name = Release;
		};
		653D01711074BAAB00C9F7CC /* Debug GC */ = {
			isa = XCBuildConfiguration;
			baseConfigurationReference = 652085F4107163DC00BA57EC /* Debug.xcconfig */;
			buildSettings = {
				GCC_C_LANGUAGE_STANDARD = c99;
				GCC_ENABLE_OBJC_GC = supported;
				GCC_OPTIMIZATION_LEVEL = 0;
				GCC_WARN_ABOUT_RETURN_TYPE = YES;
				GCC_WARN_UNUSED_VARIABLE = YES;
				PREBINDING = NO;
				RUN_CLANG_STATIC_ANALYZER = YES;
			};
			name = "Debug GC";
		};
		653D01721074BAAB00C9F7CC /* Debug GC */ = {
			isa = XCBuildConfiguration;
			baseConfigurationReference = 652085F4107163DC00BA57EC /* Debug.xcconfig */;
			buildSettings = {
				COPY_PHASE_STRIP = NO;
				GCC_DYNAMIC_NO_PIC = NO;
				GCC_OPTIMIZATION_LEVEL = 0;
				PRODUCT_NAME = All;
			};
			name = "Debug GC";
		};
		653D01731074BAAB00C9F7CC /* Debug GC */ = {
			isa = XCBuildConfiguration;
			baseConfigurationReference = 652085F4107163DC00BA57EC /* Debug.xcconfig */;
			buildSettings = {
				ALWAYS_SEARCH_USER_PATHS = NO;
				COPY_PHASE_STRIP = NO;
				GCC_DYNAMIC_NO_PIC = NO;
				GCC_ENABLE_FIX_AND_CONTINUE = YES;
				GCC_MODEL_TUNING = G5;
				GCC_OPTIMIZATION_LEVEL = 0;
				GCC_PRECOMPILE_PREFIX_HEADER = YES;
				GCC_PREFIX_HEADER = BMScriptTest_Prefix.pch;
				INSTALL_PATH = /usr/local/bin;
				PRODUCT_NAME = BMScriptTest;
				SDKROOT = macosx10.5;
			};
			name = "Debug GC";
		};
		653D01741074BAAB00C9F7CC /* Debug GC */ = {
			isa = XCBuildConfiguration;
			baseConfigurationReference = 653D01761074BB4400C9F7CC /* UnitTests.xcconfig */;
			buildSettings = {
				ALWAYS_SEARCH_USER_PATHS = NO;
				COPY_PHASE_STRIP = NO;
				FRAMEWORK_SEARCH_PATHS = "$(DEVELOPER_LIBRARY_DIR)/Frameworks";
				GCC_DYNAMIC_NO_PIC = NO;
				GCC_ENABLE_FIX_AND_CONTINUE = NO;
				GCC_ENABLE_OBJC_EXCEPTIONS = YES;
				GCC_MODEL_TUNING = G5;
				GCC_OPTIMIZATION_LEVEL = 0;
				GCC_PRECOMPILE_PREFIX_HEADER = YES;
				GCC_PREFIX_HEADER = "$(SYSTEM_LIBRARY_DIR)/Frameworks/Cocoa.framework/Headers/Cocoa.h";
				INFOPLIST_FILE = "BMScriptUnitTests-Info.plist";
				INSTALL_PATH = "$(USER_LIBRARY_DIR)/Bundles";
				OTHER_LDFLAGS = (
					"-framework",
					Cocoa,
					"-framework",
					SenTestingKit,
				);
				PREBINDING = NO;
				PRODUCT_NAME = BMScriptUnitTests;
				WRAPPER_EXTENSION = octest;
			};
			name = "Debug GC";
		};
		653D01751074BAAB00C9F7CC /* Debug GC */ = {
			isa = XCBuildConfiguration;
			baseConfigurationReference = 654E9CE3106BEFB0008CC673 /* Documentation.xcconfig */;
			buildSettings = {
				COPY_PHASE_STRIP = NO;
				GCC_DYNAMIC_NO_PIC = NO;
				GCC_OPTIMIZATION_LEVEL = 0;
				PRODUCT_NAME = Documentation;
			};
			name = "Debug GC";
		};
		654295A4105FE22C0037E0C8 /* Debug */ = {
			isa = XCBuildConfiguration;
			baseConfigurationReference = 653D01761074BB4400C9F7CC /* UnitTests.xcconfig */;
			buildSettings = {
				ALWAYS_SEARCH_USER_PATHS = NO;
				COPY_PHASE_STRIP = NO;
				FRAMEWORK_SEARCH_PATHS = "$(DEVELOPER_LIBRARY_DIR)/Frameworks";
				GCC_DYNAMIC_NO_PIC = NO;
				GCC_ENABLE_FIX_AND_CONTINUE = NO;
				GCC_ENABLE_OBJC_EXCEPTIONS = YES;
				GCC_MODEL_TUNING = G5;
				GCC_OPTIMIZATION_LEVEL = 0;
				GCC_PRECOMPILE_PREFIX_HEADER = YES;
				GCC_PREFIX_HEADER = "$(SYSTEM_LIBRARY_DIR)/Frameworks/Cocoa.framework/Headers/Cocoa.h";
				INFOPLIST_FILE = "BMScriptUnitTests-Info.plist";
				INSTALL_PATH = "$(USER_LIBRARY_DIR)/Bundles";
				OTHER_LDFLAGS = (
					"-framework",
					Cocoa,
					"-framework",
					SenTestingKit,
				);
				PREBINDING = NO;
				PRODUCT_NAME = BMScriptUnitTests;
				WRAPPER_EXTENSION = octest;
			};
			name = Debug;
		};
		654295A5105FE22C0037E0C8 /* Release */ = {
			isa = XCBuildConfiguration;
			buildSettings = {
				ALWAYS_SEARCH_USER_PATHS = NO;
				COPY_PHASE_STRIP = YES;
				DEBUG_INFORMATION_FORMAT = "dwarf-with-dsym";
				FRAMEWORK_SEARCH_PATHS = "$(DEVELOPER_LIBRARY_DIR)/Frameworks";
				GCC_ENABLE_FIX_AND_CONTINUE = NO;
				GCC_ENABLE_OBJC_EXCEPTIONS = YES;
				GCC_MODEL_TUNING = G5;
				GCC_PRECOMPILE_PREFIX_HEADER = YES;
				GCC_PREFIX_HEADER = "$(SYSTEM_LIBRARY_DIR)/Frameworks/Cocoa.framework/Headers/Cocoa.h";
				INFOPLIST_FILE = "BMScriptUnitTests-Info.plist";
				INSTALL_PATH = "$(USER_LIBRARY_DIR)/Bundles";
				OTHER_CFLAGS = (
					"-D",
					"BMSCRIPT_UNIT_TESTS=1",
				);
				OTHER_LDFLAGS = (
					"-framework",
					Cocoa,
					"-framework",
					SenTestingKit,
				);
				PREBINDING = NO;
				PRODUCT_NAME = BMScriptUnitTests;
				WRAPPER_EXTENSION = octest;
				ZERO_LINK = NO;
			};
			name = Release;
		};
		657323E91067BF6A001E9123 /* Debug */ = {
			isa = XCBuildConfiguration;
			baseConfigurationReference = 654E9CE3106BEFB0008CC673 /* Documentation.xcconfig */;
			buildSettings = {
				COPY_PHASE_STRIP = NO;
				GCC_DYNAMIC_NO_PIC = NO;
				GCC_OPTIMIZATION_LEVEL = 0;
				PRODUCT_NAME = Documentation;
			};
			name = Debug;
		};
		657323EB1067BF6A001E9123 /* Debug LLVM */ = {
			isa = XCBuildConfiguration;
			baseConfigurationReference = 654E9CE3106BEFB0008CC673 /* Documentation.xcconfig */;
			buildSettings = {
				PRODUCT_NAME = Documentation;
			};
			name = "Debug LLVM";
		};
		657323EC1067BF6A001E9123 /* Debug LLVM GC */ = {
			isa = XCBuildConfiguration;
			baseConfigurationReference = 654E9CE3106BEFB0008CC673 /* Documentation.xcconfig */;
			buildSettings = {
				PRODUCT_NAME = Documentation;
			};
			name = "Debug LLVM GC";
		};
		657323ED1067BF6A001E9123 /* Release */ = {
			isa = XCBuildConfiguration;
			baseConfigurationReference = 654E9CE3106BEFB0008CC673 /* Documentation.xcconfig */;
			buildSettings = {
				COPY_PHASE_STRIP = YES;
				DEBUG_INFORMATION_FORMAT = "dwarf-with-dsym";
				GCC_ENABLE_FIX_AND_CONTINUE = NO;
				PRODUCT_NAME = Documentation;
				ZERO_LINK = NO;
			};
			name = Release;
		};
		65C57D18106733DA00BE26F6 /* Debug LLVM */ = {
			isa = XCBuildConfiguration;
			buildSettings = {
				ARCHS = "$(ARCHS_STANDARD_32_BIT)";
				COPY_PHASE_STRIP = NO;
				GCC_C_LANGUAGE_STANDARD = c99;
				GCC_OPTIMIZATION_LEVEL = 0;
				GCC_VERSION = com.apple.compilers.llvmgcc42;
				GCC_WARN_ABOUT_RETURN_TYPE = YES;
				GENERATE_PROFILING_CODE = YES;
				ONLY_ACTIVE_ARCH = YES;
				PREBINDING = NO;
				RUN_CLANG_STATIC_ANALYZER = YES;
				STRIP_INSTALLED_PRODUCT = NO;
			};
			name = "Debug LLVM";
		};
		65C57D19106733DA00BE26F6 /* Debug LLVM */ = {
			isa = XCBuildConfiguration;
			baseConfigurationReference = 652085F4107163DC00BA57EC /* Debug.xcconfig */;
			buildSettings = {
				ALWAYS_SEARCH_USER_PATHS = NO;
				COPY_PHASE_STRIP = NO;
				GCC_DYNAMIC_NO_PIC = NO;
				GCC_ENABLE_FIX_AND_CONTINUE = YES;
				GCC_MODEL_TUNING = G5;
				GCC_OPTIMIZATION_LEVEL = 0;
				GCC_PRECOMPILE_PREFIX_HEADER = YES;
				GCC_PREFIX_HEADER = BMScriptTest_Prefix.pch;
				INSTALL_PATH = /usr/local/bin;
				PRODUCT_NAME = BMScriptTest;
			};
			name = "Debug LLVM";
		};
		65C57D1A106733DA00BE26F6 /* Debug LLVM */ = {
			isa = XCBuildConfiguration;
			baseConfigurationReference = 653D01761074BB4400C9F7CC /* UnitTests.xcconfig */;
			buildSettings = {
				ALWAYS_SEARCH_USER_PATHS = NO;
				BUNDLE_LOADER = "$(BUILT_PRODUCTS_DIR)/BMScriptTest";
				COPY_PHASE_STRIP = NO;
				FRAMEWORK_SEARCH_PATHS = "$(DEVELOPER_LIBRARY_DIR)/Frameworks";
				GCC_DYNAMIC_NO_PIC = NO;
				GCC_ENABLE_FIX_AND_CONTINUE = NO;
				GCC_ENABLE_OBJC_EXCEPTIONS = YES;
				GCC_MODEL_TUNING = G5;
				GCC_OPTIMIZATION_LEVEL = 0;
				GCC_PRECOMPILE_PREFIX_HEADER = YES;
				GCC_PREFIX_HEADER = "$(SYSTEM_LIBRARY_DIR)/Frameworks/Cocoa.framework/Headers/Cocoa.h";
				INFOPLIST_FILE = "BMScriptUnitTests-Info.plist";
				INSTALL_PATH = "$(USER_LIBRARY_DIR)/Bundles";
				OTHER_LDFLAGS = (
					"-framework",
					Cocoa,
					"-framework",
					SenTestingKit,
				);
				PREBINDING = NO;
				PRODUCT_NAME = BMScriptUnitTests;
				WRAPPER_EXTENSION = octest;
			};
			name = "Debug LLVM";
		};
		65C57EEF10673DC900BE26F6 /* Debug LLVM GC */ = {
			isa = XCBuildConfiguration;
			baseConfigurationReference = 652085F4107163DC00BA57EC /* Debug.xcconfig */;
			buildSettings = {
				ARCHS = "$(ARCHS_STANDARD_32_BIT)";
				COPY_PHASE_STRIP = NO;
				GCC_C_LANGUAGE_STANDARD = c99;
				GCC_ENABLE_OBJC_GC = supported;
				GCC_OPTIMIZATION_LEVEL = 0;
				GCC_VERSION = com.apple.compilers.llvmgcc42;
				GCC_WARN_ABOUT_RETURN_TYPE = YES;
				GCC_WARN_UNUSED_VARIABLE = YES;
				GENERATE_PROFILING_CODE = YES;
				ONLY_ACTIVE_ARCH = YES;
				PREBINDING = NO;
				RUN_CLANG_STATIC_ANALYZER = YES;
				STRIP_INSTALLED_PRODUCT = NO;
			};
			name = "Debug LLVM GC";
		};
		65C57EF010673DC900BE26F6 /* Debug LLVM GC */ = {
			isa = XCBuildConfiguration;
			baseConfigurationReference = 652085F4107163DC00BA57EC /* Debug.xcconfig */;
			buildSettings = {
				ALWAYS_SEARCH_USER_PATHS = NO;
				COPY_PHASE_STRIP = NO;
				GCC_DYNAMIC_NO_PIC = NO;
				GCC_ENABLE_FIX_AND_CONTINUE = YES;
				GCC_MODEL_TUNING = G5;
				GCC_OPTIMIZATION_LEVEL = 0;
				GCC_PRECOMPILE_PREFIX_HEADER = YES;
				GCC_PREFIX_HEADER = BMScriptTest_Prefix.pch;
				INSTALL_PATH = /usr/local/bin;
				PRODUCT_NAME = BMScriptTest;
			};
			name = "Debug LLVM GC";
		};
		65C57EF110673DC900BE26F6 /* Debug LLVM GC */ = {
			isa = XCBuildConfiguration;
			baseConfigurationReference = 653D01761074BB4400C9F7CC /* UnitTests.xcconfig */;
			buildSettings = {
				ALWAYS_SEARCH_USER_PATHS = NO;
				COPY_PHASE_STRIP = NO;
				FRAMEWORK_SEARCH_PATHS = "$(DEVELOPER_LIBRARY_DIR)/Frameworks";
				GCC_DYNAMIC_NO_PIC = NO;
				GCC_ENABLE_FIX_AND_CONTINUE = NO;
				GCC_ENABLE_OBJC_EXCEPTIONS = YES;
				GCC_MODEL_TUNING = G5;
				GCC_OPTIMIZATION_LEVEL = 0;
				GCC_PRECOMPILE_PREFIX_HEADER = YES;
				GCC_PREFIX_HEADER = "$(SYSTEM_LIBRARY_DIR)/Frameworks/Cocoa.framework/Headers/Cocoa.h";
				INFOPLIST_FILE = "BMScriptUnitTests-Info.plist";
				INSTALL_PATH = "$(USER_LIBRARY_DIR)/Bundles";
				OTHER_LDFLAGS = (
					"-framework",
					Cocoa,
					"-framework",
					SenTestingKit,
				);
				PREBINDING = NO;
				PRODUCT_NAME = BMScriptUnitTests;
				WRAPPER_EXTENSION = octest;
			};
			name = "Debug LLVM GC";
		};
		65EEC18E106A340B00E2E451 /* Debug */ = {
			isa = XCBuildConfiguration;
			baseConfigurationReference = 652085F4107163DC00BA57EC /* Debug.xcconfig */;
			buildSettings = {
				COPY_PHASE_STRIP = NO;
				GCC_DYNAMIC_NO_PIC = NO;
				GCC_OPTIMIZATION_LEVEL = 0;
				PRODUCT_NAME = All;
			};
			name = Debug;
		};
		65EEC190106A340B00E2E451 /* Debug LLVM */ = {
			isa = XCBuildConfiguration;
			baseConfigurationReference = 652085F4107163DC00BA57EC /* Debug.xcconfig */;
			buildSettings = {
				PRODUCT_NAME = All;
			};
			name = "Debug LLVM";
		};
		65EEC191106A340B00E2E451 /* Debug LLVM GC */ = {
			isa = XCBuildConfiguration;
			baseConfigurationReference = 652085F4107163DC00BA57EC /* Debug.xcconfig */;
			buildSettings = {
				GCC_ENABLE_OBJC_GC = required;
				PRODUCT_NAME = All;
			};
			name = "Debug LLVM GC";
		};
		65EEC192106A340B00E2E451 /* Release */ = {
			isa = XCBuildConfiguration;
			buildSettings = {
				COPY_PHASE_STRIP = YES;
				DEBUG_INFORMATION_FORMAT = "dwarf-with-dsym";
				GCC_ENABLE_FIX_AND_CONTINUE = NO;
				PRODUCT_NAME = All;
				ZERO_LINK = NO;
			};
			name = Release;
		};
/* End XCBuildConfiguration section */

/* Begin XCConfigurationList section */
		1DEB927408733DD40010E9CD /* Build configuration list for PBXNativeTarget "BMScriptTest" */ = {
			isa = XCConfigurationList;
			buildConfigurations = (
				1DEB927508733DD40010E9CD /* Debug */,
				653D01731074BAAB00C9F7CC /* Debug GC */,
				65C57D19106733DA00BE26F6 /* Debug LLVM */,
				65C57EF010673DC900BE26F6 /* Debug LLVM GC */,
				1DEB927608733DD40010E9CD /* Release */,
			);
			defaultConfigurationIsVisible = 0;
			defaultConfigurationName = Release;
		};
		1DEB927808733DD40010E9CD /* Build configuration list for PBXProject "BMScriptTest" */ = {
			isa = XCConfigurationList;
			buildConfigurations = (
				1DEB927908733DD40010E9CD /* Debug */,
				653D01711074BAAB00C9F7CC /* Debug GC */,
				65C57D18106733DA00BE26F6 /* Debug LLVM */,
				65C57EEF10673DC900BE26F6 /* Debug LLVM GC */,
				1DEB927A08733DD40010E9CD /* Release */,
			);
			defaultConfigurationIsVisible = 0;
			defaultConfigurationName = Release;
		};
		654295A6105FE22C0037E0C8 /* Build configuration list for PBXNativeTarget "BMScriptUnitTests" */ = {
			isa = XCConfigurationList;
			buildConfigurations = (
				654295A4105FE22C0037E0C8 /* Debug */,
				653D01741074BAAB00C9F7CC /* Debug GC */,
				65C57D1A106733DA00BE26F6 /* Debug LLVM */,
				65C57EF110673DC900BE26F6 /* Debug LLVM GC */,
				654295A5105FE22C0037E0C8 /* Release */,
			);
			defaultConfigurationIsVisible = 0;
			defaultConfigurationName = Release;
		};
		657323F21067BFA4001E9123 /* Build configuration list for PBXAggregateTarget "BMScriptDocumentation" */ = {
			isa = XCConfigurationList;
			buildConfigurations = (
				657323E91067BF6A001E9123 /* Debug */,
				653D01751074BAAB00C9F7CC /* Debug GC */,
				657323EB1067BF6A001E9123 /* Debug LLVM */,
				657323EC1067BF6A001E9123 /* Debug LLVM GC */,
				657323ED1067BF6A001E9123 /* Release */,
			);
			defaultConfigurationIsVisible = 0;
			defaultConfigurationName = Release;
		};
		65EEC1A2106A344D00E2E451 /* Build configuration list for PBXAggregateTarget "All" */ = {
			isa = XCConfigurationList;
			buildConfigurations = (
				65EEC18E106A340B00E2E451 /* Debug */,
				653D01721074BAAB00C9F7CC /* Debug GC */,
				65EEC190106A340B00E2E451 /* Debug LLVM */,
				65EEC191106A340B00E2E451 /* Debug LLVM GC */,
				65EEC192106A340B00E2E451 /* Release */,
			);
			defaultConfigurationIsVisible = 0;
			defaultConfigurationName = Release;
		};
/* End XCConfigurationList section */
	};
	rootObject = 08FB7793FE84155DC02AAC07 /* Project object */;
}
